
Microsoft Visual Studio Solution File, Format Version 12.00
# Visual Studio Version 16
VisualStudioVersion = 16.0.34114.132
MinimumVisualStudioVersion = 10.0.40219.1
Project("{FAE04EC0-301F-11D3-BF4B-00C04F79EFBC}") = "SchoolDetails.ConsoleApplication", "SchoolDetalis.ConsoleApplication\SchoolDetails.ConsoleApplication.csproj", "{EF352EA3-E6BF-4596-A796-2D8D608B3873}"
EndProject
Project("{FAE04EC0-301F-11D3-BF4B-00C04F79EFBC}") = "DapperDataAccessLayer", "DapperDataAccesslayer\DapperDataAccessLayer.csproj", "{4F5E3C75-3263-4F82-83B5-5AE4E3F04407}"
EndProject
Global
	GlobalSection(SolutionConfigurationPlatforms) = preSolution
		Debug|Any CPU = Debug|Any CPU
		Release|Any CPU = Release|Any CPU
	EndGlobalSection
	GlobalSection(ProjectConfigurationPlatforms) = postSolution
		{EF352EA3-E6BF-4596-A796-2D8D608B3873}.Debug|Any CPU.ActiveCfg = Debug|Any CPU
		{EF352EA3-E6BF-4596-A796-2D8D608B3873}.Debug|Any CPU.Build.0 = Debug|Any CPU
		{EF352EA3-E6BF-4596-A796-2D8D608B3873}.Release|Any CPU.ActiveCfg = Release|Any CPU
		{EF352EA3-E6BF-4596-A796-2D8D608B3873}.Release|Any CPU.Build.0 = Release|Any CPU
		{4F5E3C75-3263-4F82-83B5-5AE4E3F04407}.Debug|Any CPU.ActiveCfg = Debug|Any CPU
		{4F5E3C75-3263-4F82-83B5-5AE4E3F04407}.Debug|Any CPU.Build.0 = Debug|Any CPU
		{4F5E3C75-3263-4F82-83B5-5AE4E3F04407}.Release|Any CPU.ActiveCfg = Release|Any CPU
		{4F5E3C75-3263-4F82-83B5-5AE4E3F04407}.Release|Any CPU.Build.0 = Release|Any CPU
	EndGlobalSection
	GlobalSection(SolutionProperties) = preSolution
		HideSolutionNode = FALSE
	EndGlobalSection
	GlobalSection(ExtensibilityGlobals) = postSolution
		SolutionGuid = {B4C2FE9C-5F67-4ACC-93C7-663A2A932C03}
	EndGlobalSection
EndGlobal
